
Microsoft Visual Studio Solution File, Format Version 12.00
Project("{FAE04EC0-301F-11D3-BF4B-00C04F79EFBC}") = "PopfileNet.Cli", "PopfileNet.Cli\PopfileNet.Cli.csproj", "{7E59DC6A-7468-4F67-8F8F-6A714B444E1E}"
EndProject
Project("{FAE04EC0-301F-11D3-BF4B-00C04F79EFBC}") = "PopfileNet.Imap", "PopfileNet.Imap\PopfileNet.Imap.csproj", "{8B5CF11E-87B0-4905-BAE9-FE48C2B3C1FC}"
EndProject
Project("{FAE04EC0-301F-11D3-BF4B-00C04F79EFBC}") = "PopfileNet.Common", "PopfileNet.Common\PopfileNet.Common.csproj", "{186A859F-1D0F-4574-AC1C-593CEC556FB7}"
EndProject
Project("{FAE04EC0-301F-11D3-BF4B-00C04F79EFBC}") = "PopfileNet.Classifier", "PopfileNet.Classifier\PopfileNet.Classifier.csproj", "{6C9D7FEC-1C40-47BC-901B-C2F6E12A662C}"
EndProject
Project("{FAE04EC0-301F-11D3-BF4B-00C04F79EFBC}") = "PopfileNet.Database", "PopfileNet.Database\PopfileNet.Database.csproj", "{37CF727A-82A3-45C0-8919-0809063CAF9E}"
EndProject
Global
	GlobalSection(SolutionConfigurationPlatforms) = preSolution
		Debug|Any CPU = Debug|Any CPU
		Release|Any CPU = Release|Any CPU
	EndGlobalSection
	GlobalSection(ProjectConfigurationPlatforms) = postSolution
		{7E59DC6A-7468-4F67-8F8F-6A714B444E1E}.Debug|Any CPU.ActiveCfg = Debug|Any CPU
		{7E59DC6A-7468-4F67-8F8F-6A714B444E1E}.Debug|Any CPU.Build.0 = Debug|Any CPU
		{7E59DC6A-7468-4F67-8F8F-6A714B444E1E}.Release|Any CPU.ActiveCfg = Release|Any CPU
		{7E59DC6A-7468-4F67-8F8F-6A714B444E1E}.Release|Any CPU.Build.0 = Release|Any CPU
		{8B5CF11E-87B0-4905-BAE9-FE48C2B3C1FC}.Debug|Any CPU.ActiveCfg = Debug|Any CPU
		{8B5CF11E-87B0-4905-BAE9-FE48C2B3C1FC}.Debug|Any CPU.Build.0 = Debug|Any CPU
		{8B5CF11E-87B0-4905-BAE9-FE48C2B3C1FC}.Release|Any CPU.ActiveCfg = Release|Any CPU
		{8B5CF11E-87B0-4905-BAE9-FE48C2B3C1FC}.Release|Any CPU.Build.0 = Release|Any CPU
		{186A859F-1D0F-4574-AC1C-593CEC556FB7}.Debug|Any CPU.ActiveCfg = Debug|Any CPU
		{186A859F-1D0F-4574-AC1C-593CEC556FB7}.Debug|Any CPU.Build.0 = Debug|Any CPU
		{186A859F-1D0F-4574-AC1C-593CEC556FB7}.Release|Any CPU.ActiveCfg = Release|Any CPU
		{186A859F-1D0F-4574-AC1C-593CEC556FB7}.Release|Any CPU.Build.0 = Release|Any CPU
		{6C9D7FEC-1C40-47BC-901B-C2F6E12A662C}.Debug|Any CPU.ActiveCfg = Debug|Any CPU
		{6C9D7FEC-1C40-47BC-901B-C2F6E12A662C}.Debug|Any CPU.Build.0 = Debug|Any CPU
		{6C9D7FEC-1C40-47BC-901B-C2F6E12A662C}.Release|Any CPU.ActiveCfg = Release|Any CPU
		{6C9D7FEC-1C40-47BC-901B-C2F6E12A662C}.Release|Any CPU.Build.0 = Release|Any CPU
		{37CF727A-82A3-45C0-8919-0809063CAF9E}.Debug|Any CPU.ActiveCfg = Debug|Any CPU
		{37CF727A-82A3-45C0-8919-0809063CAF9E}.Debug|Any CPU.Build.0 = Debug|Any CPU
		{37CF727A-82A3-45C0-8919-0809063CAF9E}.Release|Any CPU.ActiveCfg = Release|Any CPU
		{37CF727A-82A3-45C0-8919-0809063CAF9E}.Release|Any CPU.Build.0 = Release|Any CPU
	EndGlobalSection
EndGlobal
